
Microsoft Visual Studio Solution File, Format Version 12.00
# Visual Studio 15
VisualStudioVersion = 15.0.27428.2037
MinimumVisualStudioVersion = 10.0.40219.1
Project("{FAE04EC0-301F-11D3-BF4B-00C04F79EFBC}") = "Calculator_App", "Calculator_App\Calculator_App.csproj", "{1D9F0BE6-54FF-4D98-832F-C5073412F4E8}"
EndProject
Global
	GlobalSection(SolutionConfigurationPlatforms) = preSolution
		Debug|Any CPU = Debug|Any CPU
		Release|Any CPU = Release|Any CPU
	EndGlobalSection
	GlobalSection(ProjectConfigurationPlatforms) = postSolution
		{1D9F0BE6-54FF-4D98-832F-C5073412F4E8}.Debug|Any CPU.ActiveCfg = Debug|Any CPU
		{1D9F0BE6-54FF-4D98-832F-C5073412F4E8}.Debug|Any CPU.Build.0 = Debug|Any CPU
		{1D9F0BE6-54FF-4D98-832F-C5073412F4E8}.Debug|Any CPU.Deploy.0 = Debug|Any CPU
		{1D9F0BE6-54FF-4D98-832F-C5073412F4E8}.Release|Any CPU.ActiveCfg = Release|Any CPU
		{1D9F0BE6-54FF-4D98-832F-C5073412F4E8}.Release|Any CPU.Build.0 = Release|Any CPU
		{1D9F0BE6-54FF-4D98-832F-C5073412F4E8}.Release|Any CPU.Deploy.0 = Release|Any CPU
	EndGlobalSection
	GlobalSection(SolutionProperties) = preSolution
		HideSolutionNode = FALSE
	EndGlobalSection
	GlobalSection(ExtensibilityGlobals) = postSolution
		SolutionGuid = {748A7ECC-BE99-42DD-9A48-038EFA342367}
	EndGlobalSection
EndGlobal
